{
  "version": 4,
  "terraform_version": "0.12.29",
  "serial": 12,
  "lineage": "fe49bff8-e247-f916-c8a8-7a76c1b16062",
  "outputs": {
    "rancher_ips": {
      "value": [
        "ip=192.168.4.41/16,gw=192.168.0.1",
        "ip=192.168.4.42/16,gw=192.168.0.1",
        "ip=192.168.4.43/16,gw=192.168.0.1"
      ],
      "type": [
        "tuple",
        [
          "string",
          "string",
          "string"
        ]
      ]
    }
  },
  "resources": [
    {
      "mode": "managed",
      "type": "proxmox_vm_qemu",
      "name": "proxmox_vm_k3s",
      "each": "list",
      "provider": "provider.proxmox",
      "instances": [
        {
          "index_key": 0,
          "schema_version": 0,
          "attributes": {
            "agent": 1,
            "balloon": 0,
            "bios": "seabios",
            "boot": "cdn",
            "bootdisk": "virtio0",
            "bridge": "",
            "ci_wait": null,
            "cicustom": "",
            "cipassword": "**********",
            "ciuser": "",
            "clone": "debian-templ",
            "clone_wait": 15,
            "cores": 2,
            "cpu": "host",
            "desc": "",
            "disk": [
              {
                "backup": false,
                "cache": "none",
                "discard": "",
                "format": "raw",
                "id": 0,
                "iothread": true,
                "mbps": 0,
                "mbps_rd": 0,
                "mbps_rd_max": 0,
                "mbps_wr": 0,
                "mbps_wr_max": 0,
                "replicate": false,
                "size": "50",
                "ssd": false,
                "storage": "local-zfs",
                "storage_type": "zfspool",
                "type": "virtio"
              }
            ],
            "disk_gb": 0,
            "force_create": false,
            "full_clone": true,
            "hastate": "",
            "hotplug": "network,disk,usb",
            "id": "pve-0/qemu/102",
            "ipconfig0": "ip=192.168.4.41/16,gw=192.168.0.1",
            "ipconfig1": "",
            "ipconfig2": "",
            "iso": null,
            "kvm": true,
            "mac": "",
            "memory": 3072,
            "name": "deb-k3s-1",
            "nameserver": "",
            "network": [
              {
                "bridge": "vmbr0",
                "firewall": false,
                "id": 0,
                "link_down": false,
                "macaddr": "C6:E3:B9:54:98:88",
                "model": "virtio",
                "queues": -1,
                "rate": -1,
                "tag": -1
              }
            ],
            "nic": "",
            "numa": false,
            "onboot": true,
            "os_network_config": null,
            "os_type": "cloud-init",
            "pool": "",
            "preprovision": true,
            "qemu_os": "other",
            "scsihw": "virtio-scsi-pci",
            "searchdomain": "",
            "serial": [],
            "sockets": 1,
            "ssh_forward_ip": null,
            "ssh_host": "192.168.4.41",
            "ssh_port": "22",
            "ssh_private_key": null,
            "ssh_user": null,
            "sshkeys": "ssh-rsa AAAAB3NzaC1yc2EAAAADAQABAAABAQC5jzKi37jm3517bqThbw+7LR/GXm3qC6Az5F+ZUa36vYM7Ygk2K5bWcFIL2YUCrkL5jfSsvoowONjCAxyuoyxtW4MJxnQLyq4u4yDsRC7YvBPAKZUYaHwnbkCfDs5a75dEFOoDxCA0DY2GrhqzBndaTcCfl0fZ4vN+9LcKOb1dSKiHeHvsh35YNtwntbL21meo+hiycUEgGwNe9/4kxKpdGTr7HvbeX2Fjm/UZBZIJKVcGop/3gCHXYnKH+OY5zc8cmt9Jg4CIwEqrSKeOX0bE8LSPRpVRXH4v8OcMaMei/HQejlH8NBwybEdJ4mhl8vHaFEjDbIWoOujmiRQF2263 angle@puddle\n\n",
            "storage": "",
            "storage_type": "",
            "target_node": "pve-0",
            "vcpus": 0,
            "vga": [],
            "vlan": -1,
            "vmid": 0
          },
          "private": "bnVsbA=="
        },
        {
          "index_key": 1,
          "schema_version": 0,
          "attributes": {
            "agent": 1,
            "balloon": 0,
            "bios": "seabios",
            "boot": "cdn",
            "bootdisk": "virtio0",
            "bridge": "",
            "ci_wait": null,
            "cicustom": "",
            "cipassword": "**********",
            "ciuser": "",
            "clone": "debian-templ",
            "clone_wait": 15,
            "cores": 2,
            "cpu": "host",
            "desc": "",
            "disk": [
              {
                "backup": false,
                "cache": "none",
                "discard": "",
                "format": "raw",
                "id": 0,
                "iothread": true,
                "mbps": 0,
                "mbps_rd": 0,
                "mbps_rd_max": 0,
                "mbps_wr": 0,
                "mbps_wr_max": 0,
                "replicate": false,
                "size": "50",
                "ssd": false,
                "storage": "local-zfs",
                "storage_type": "zfspool",
                "type": "virtio"
              }
            ],
            "disk_gb": 0,
            "force_create": false,
            "full_clone": true,
            "hastate": "",
            "hotplug": "network,disk,usb",
            "id": "pve-0/qemu/101",
            "ipconfig0": "ip=192.168.4.42/16,gw=192.168.0.1",
            "ipconfig1": "",
            "ipconfig2": "",
            "iso": null,
            "kvm": true,
            "mac": "",
            "memory": 3072,
            "name": "deb-k3s-2",
            "nameserver": "",
            "network": [
              {
                "bridge": "vmbr0",
                "firewall": false,
                "id": 0,
                "link_down": false,
                "macaddr": "1E:05:2E:82:BB:F0",
                "model": "virtio",
                "queues": -1,
                "rate": -1,
                "tag": -1
              }
            ],
            "nic": "",
            "numa": false,
            "onboot": true,
            "os_network_config": null,
            "os_type": "cloud-init",
            "pool": "",
            "preprovision": true,
            "qemu_os": "other",
            "scsihw": "virtio-scsi-pci",
            "searchdomain": "",
            "serial": [],
            "sockets": 1,
            "ssh_forward_ip": null,
            "ssh_host": "192.168.4.42",
            "ssh_port": "22",
            "ssh_private_key": null,
            "ssh_user": null,
            "sshkeys": "ssh-rsa AAAAB3NzaC1yc2EAAAADAQABAAABAQC5jzKi37jm3517bqThbw+7LR/GXm3qC6Az5F+ZUa36vYM7Ygk2K5bWcFIL2YUCrkL5jfSsvoowONjCAxyuoyxtW4MJxnQLyq4u4yDsRC7YvBPAKZUYaHwnbkCfDs5a75dEFOoDxCA0DY2GrhqzBndaTcCfl0fZ4vN+9LcKOb1dSKiHeHvsh35YNtwntbL21meo+hiycUEgGwNe9/4kxKpdGTr7HvbeX2Fjm/UZBZIJKVcGop/3gCHXYnKH+OY5zc8cmt9Jg4CIwEqrSKeOX0bE8LSPRpVRXH4v8OcMaMei/HQejlH8NBwybEdJ4mhl8vHaFEjDbIWoOujmiRQF2263 angle@puddle\n\n",
            "storage": "",
            "storage_type": "",
            "target_node": "pve-0",
            "vcpus": 0,
            "vga": [],
            "vlan": -1,
            "vmid": 0
          },
          "private": "bnVsbA=="
        },
        {
          "index_key": 2,
          "schema_version": 0,
          "attributes": {
            "agent": 1,
            "balloon": 0,
            "bios": "seabios",
            "boot": "cdn",
            "bootdisk": "virtio0",
            "bridge": "",
            "ci_wait": null,
            "cicustom": "",
            "cipassword": "**********",
            "ciuser": "",
            "clone": "debian-templ",
            "clone_wait": 15,
            "cores": 2,
            "cpu": "host",
            "desc": "",
            "disk": [
              {
                "backup": false,
                "cache": "none",
                "discard": "",
                "format": "raw",
                "id": 0,
                "iothread": true,
                "mbps": 0,
                "mbps_rd": 0,
                "mbps_rd_max": 0,
                "mbps_wr": 0,
                "mbps_wr_max": 0,
                "replicate": false,
                "size": "50",
                "ssd": false,
                "storage": "local-zfs",
                "storage_type": "zfspool",
                "type": "virtio"
              }
            ],
            "disk_gb": 0,
            "force_create": false,
            "full_clone": true,
            "hastate": "",
            "hotplug": "network,disk,usb",
            "id": "pve-0/qemu/100",
            "ipconfig0": "ip=192.168.4.43/16,gw=192.168.0.1",
            "ipconfig1": "",
            "ipconfig2": "",
            "iso": null,
            "kvm": true,
            "mac": "",
            "memory": 3072,
            "name": "deb-k3s-3",
            "nameserver": "",
            "network": [
              {
                "bridge": "vmbr0",
                "firewall": false,
                "id": 0,
                "link_down": false,
                "macaddr": "CE:D5:F0:48:BC:CE",
                "model": "virtio",
                "queues": -1,
                "rate": -1,
                "tag": -1
              }
            ],
            "nic": "",
            "numa": false,
            "onboot": true,
            "os_network_config": null,
            "os_type": "cloud-init",
            "pool": "",
            "preprovision": true,
            "qemu_os": "other",
            "scsihw": "virtio-scsi-pci",
            "searchdomain": "",
            "serial": [],
            "sockets": 1,
            "ssh_forward_ip": null,
            "ssh_host": "192.168.4.43",
            "ssh_port": "22",
            "ssh_private_key": null,
            "ssh_user": null,
            "sshkeys": "ssh-rsa AAAAB3NzaC1yc2EAAAADAQABAAABAQC5jzKi37jm3517bqThbw+7LR/GXm3qC6Az5F+ZUa36vYM7Ygk2K5bWcFIL2YUCrkL5jfSsvoowONjCAxyuoyxtW4MJxnQLyq4u4yDsRC7YvBPAKZUYaHwnbkCfDs5a75dEFOoDxCA0DY2GrhqzBndaTcCfl0fZ4vN+9LcKOb1dSKiHeHvsh35YNtwntbL21meo+hiycUEgGwNe9/4kxKpdGTr7HvbeX2Fjm/UZBZIJKVcGop/3gCHXYnKH+OY5zc8cmt9Jg4CIwEqrSKeOX0bE8LSPRpVRXH4v8OcMaMei/HQejlH8NBwybEdJ4mhl8vHaFEjDbIWoOujmiRQF2263 angle@puddle\n\n",
            "storage": "",
            "storage_type": "",
            "target_node": "pve-0",
            "vcpus": 0,
            "vga": [],
            "vlan": -1,
            "vmid": 0
          },
          "private": "bnVsbA=="
        }
      ]
    },
    {
      "mode": "managed",
      "type": "proxmox_vm_qemu",
      "name": "proxmox_vm_swarm",
      "each": "list",
      "provider": "provider.proxmox",
      "instances": [
        {
          "index_key": 0,
          "schema_version": 0,
          "attributes": {
            "agent": 1,
            "balloon": 0,
            "bios": "seabios",
            "boot": "cdn",
            "bootdisk": "virtio0",
            "bridge": null,
            "ci_wait": null,
            "cicustom": null,
            "cipassword": null,
            "ciuser": null,
            "clone": "debian-templ",
            "clone_wait": 15,
            "cores": 1,
            "cpu": "host",
            "desc": null,
            "disk": [
              {
                "backup": false,
                "cache": "none",
                "discard": "",
                "format": "raw",
                "id": 0,
                "iothread": true,
                "mbps": 0,
                "mbps_rd": 0,
                "mbps_rd_max": 0,
                "mbps_wr": 0,
                "mbps_wr_max": 0,
                "replicate": false,
                "size": "40",
                "ssd": null,
                "storage": "local-zfs",
                "storage_type": "zfspool",
                "type": "virtio"
              }
            ],
            "disk_gb": null,
            "force_create": false,
            "full_clone": true,
            "hastate": null,
            "hotplug": "network,disk,usb",
            "id": "pve-0/qemu/103",
            "ipconfig0": "ip=192.168.5.51/16,gw=192.168.0.1",
            "ipconfig1": null,
            "ipconfig2": null,
            "iso": null,
            "kvm": true,
            "mac": null,
            "memory": 1024,
            "name": "deb-swarm-1",
            "nameserver": null,
            "network": [
              {
                "bridge": "vmbr0",
                "firewall": false,
                "id": 0,
                "link_down": false,
                "macaddr": "A2:7F:E1:B7:12:FE",
                "model": "virtio",
                "queues": -1,
                "rate": -1,
                "tag": -1
              }
            ],
            "nic": null,
            "numa": false,
            "onboot": true,
            "os_network_config": null,
            "os_type": "cloud-init",
            "pool": null,
            "preprovision": true,
            "qemu_os": null,
            "scsihw": "virtio-scsi-pci",
            "searchdomain": null,
            "serial": [],
            "sockets": 1,
            "ssh_forward_ip": null,
            "ssh_host": "192.168.5.51",
            "ssh_port": "22",
            "ssh_private_key": null,
            "ssh_user": null,
            "sshkeys": "ssh-rsa AAAAB3NzaC1yc2EAAAADAQABAAABAQC5jzKi37jm3517bqThbw+7LR/GXm3qC6Az5F+ZUa36vYM7Ygk2K5bWcFIL2YUCrkL5jfSsvoowONjCAxyuoyxtW4MJxnQLyq4u4yDsRC7YvBPAKZUYaHwnbkCfDs5a75dEFOoDxCA0DY2GrhqzBndaTcCfl0fZ4vN+9LcKOb1dSKiHeHvsh35YNtwntbL21meo+hiycUEgGwNe9/4kxKpdGTr7HvbeX2Fjm/UZBZIJKVcGop/3gCHXYnKH+OY5zc8cmt9Jg4CIwEqrSKeOX0bE8LSPRpVRXH4v8OcMaMei/HQejlH8NBwybEdJ4mhl8vHaFEjDbIWoOujmiRQF2263 angle@puddle",
            "storage": null,
            "storage_type": null,
            "target_node": "pve-0",
            "vcpus": 0,
            "vga": [],
            "vlan": -1,
            "vmid": 0
          },
          "private": "bnVsbA=="
        },
        {
          "index_key": 1,
          "schema_version": 0,
          "attributes": {
            "agent": 1,
            "balloon": 0,
            "bios": "seabios",
            "boot": "cdn",
            "bootdisk": "virtio0",
            "bridge": null,
            "ci_wait": null,
            "cicustom": null,
            "cipassword": null,
            "ciuser": null,
            "clone": "debian-templ",
            "clone_wait": 15,
            "cores": 1,
            "cpu": "host",
            "desc": null,
            "disk": [
              {
                "backup": false,
                "cache": "none",
                "discard": "",
                "format": "raw",
                "id": 0,
                "iothread": true,
                "mbps": 0,
                "mbps_rd": 0,
                "mbps_rd_max": 0,
                "mbps_wr": 0,
                "mbps_wr_max": 0,
                "replicate": false,
                "size": "40",
                "ssd": null,
                "storage": "local-zfs",
                "storage_type": "zfspool",
                "type": "virtio"
              }
            ],
            "disk_gb": null,
            "force_create": false,
            "full_clone": true,
            "hastate": null,
            "hotplug": "network,disk,usb",
            "id": "pve-0/qemu/105",
            "ipconfig0": "ip=192.168.5.52/16,gw=192.168.0.1",
            "ipconfig1": null,
            "ipconfig2": null,
            "iso": null,
            "kvm": true,
            "mac": null,
            "memory": 1024,
            "name": "deb-swarm-2",
            "nameserver": null,
            "network": [
              {
                "bridge": "vmbr0",
                "firewall": false,
                "id": 0,
                "link_down": false,
                "macaddr": "A6:F5:52:1E:11:7C",
                "model": "virtio",
                "queues": -1,
                "rate": -1,
                "tag": -1
              }
            ],
            "nic": null,
            "numa": false,
            "onboot": true,
            "os_network_config": null,
            "os_type": "cloud-init",
            "pool": null,
            "preprovision": true,
            "qemu_os": null,
            "scsihw": "virtio-scsi-pci",
            "searchdomain": null,
            "serial": [],
            "sockets": 1,
            "ssh_forward_ip": null,
            "ssh_host": "192.168.5.52",
            "ssh_port": "22",
            "ssh_private_key": null,
            "ssh_user": null,
            "sshkeys": "ssh-rsa AAAAB3NzaC1yc2EAAAADAQABAAABAQC5jzKi37jm3517bqThbw+7LR/GXm3qC6Az5F+ZUa36vYM7Ygk2K5bWcFIL2YUCrkL5jfSsvoowONjCAxyuoyxtW4MJxnQLyq4u4yDsRC7YvBPAKZUYaHwnbkCfDs5a75dEFOoDxCA0DY2GrhqzBndaTcCfl0fZ4vN+9LcKOb1dSKiHeHvsh35YNtwntbL21meo+hiycUEgGwNe9/4kxKpdGTr7HvbeX2Fjm/UZBZIJKVcGop/3gCHXYnKH+OY5zc8cmt9Jg4CIwEqrSKeOX0bE8LSPRpVRXH4v8OcMaMei/HQejlH8NBwybEdJ4mhl8vHaFEjDbIWoOujmiRQF2263 angle@puddle",
            "storage": null,
            "storage_type": null,
            "target_node": "pve-0",
            "vcpus": 0,
            "vga": [],
            "vlan": -1,
            "vmid": 0
          },
          "private": "bnVsbA=="
        },
        {
          "index_key": 2,
          "schema_version": 0,
          "attributes": {
            "agent": 1,
            "balloon": 0,
            "bios": "seabios",
            "boot": "cdn",
            "bootdisk": "virtio0",
            "bridge": null,
            "ci_wait": null,
            "cicustom": null,
            "cipassword": null,
            "ciuser": null,
            "clone": "debian-templ",
            "clone_wait": 15,
            "cores": 1,
            "cpu": "host",
            "desc": null,
            "disk": [
              {
                "backup": false,
                "cache": "none",
                "discard": "",
                "format": "raw",
                "id": 0,
                "iothread": true,
                "mbps": 0,
                "mbps_rd": 0,
                "mbps_rd_max": 0,
                "mbps_wr": 0,
                "mbps_wr_max": 0,
                "replicate": false,
                "size": "40",
                "ssd": null,
                "storage": "local-zfs",
                "storage_type": "zfspool",
                "type": "virtio"
              }
            ],
            "disk_gb": null,
            "force_create": false,
            "full_clone": true,
            "hastate": null,
            "hotplug": "network,disk,usb",
            "id": "pve-0/qemu/104",
            "ipconfig0": "ip=192.168.5.53/16,gw=192.168.0.1",
            "ipconfig1": null,
            "ipconfig2": null,
            "iso": null,
            "kvm": true,
            "mac": null,
            "memory": 1024,
            "name": "deb-swarm-3",
            "nameserver": null,
            "network": [
              {
                "bridge": "vmbr0",
                "firewall": false,
                "id": 0,
                "link_down": false,
                "macaddr": "C6:24:70:07:FA:5C",
                "model": "virtio",
                "queues": -1,
                "rate": -1,
                "tag": -1
              }
            ],
            "nic": null,
            "numa": false,
            "onboot": true,
            "os_network_config": null,
            "os_type": "cloud-init",
            "pool": null,
            "preprovision": true,
            "qemu_os": null,
            "scsihw": "virtio-scsi-pci",
            "searchdomain": null,
            "serial": [],
            "sockets": 1,
            "ssh_forward_ip": null,
            "ssh_host": "192.168.5.53",
            "ssh_port": "22",
            "ssh_private_key": null,
            "ssh_user": null,
            "sshkeys": "ssh-rsa AAAAB3NzaC1yc2EAAAADAQABAAABAQC5jzKi37jm3517bqThbw+7LR/GXm3qC6Az5F+ZUa36vYM7Ygk2K5bWcFIL2YUCrkL5jfSsvoowONjCAxyuoyxtW4MJxnQLyq4u4yDsRC7YvBPAKZUYaHwnbkCfDs5a75dEFOoDxCA0DY2GrhqzBndaTcCfl0fZ4vN+9LcKOb1dSKiHeHvsh35YNtwntbL21meo+hiycUEgGwNe9/4kxKpdGTr7HvbeX2Fjm/UZBZIJKVcGop/3gCHXYnKH+OY5zc8cmt9Jg4CIwEqrSKeOX0bE8LSPRpVRXH4v8OcMaMei/HQejlH8NBwybEdJ4mhl8vHaFEjDbIWoOujmiRQF2263 angle@puddle",
            "storage": null,
            "storage_type": null,
            "target_node": "pve-0",
            "vcpus": 0,
            "vga": [],
            "vlan": -1,
            "vmid": 0
          },
          "private": "bnVsbA=="
        }
      ]
    }
  ]
}
