{
  "version": 4,
  "terraform_version": "0.12.29",
  "serial": 4,
  "lineage": "818be4de-acb4-3970-a240-5a5f4181c56b",
  "outputs": {
    "rancher_ips": {
      "value": [
        "ip=192.168.4.51/16,gw=192.168.0.1",
        "ip=192.168.4.52/16,gw=192.168.0.1",
        "ip=192.168.4.53/16,gw=192.168.0.1"
      ],
      "type": [
        "tuple",
        [
          "string",
          "string",
          "string"
        ]
      ]
    }
  },
  "resources": [
    {
      "mode": "managed",
      "type": "proxmox_vm_qemu",
      "name": "proxmox_vm_k3s",
      "each": "list",
      "provider": "provider.proxmox",
      "instances": [
        {
          "index_key": 0,
          "schema_version": 0,
          "attributes": {
            "agent": 1,
            "balloon": 0,
            "bios": "seabios",
            "boot": "cdn",
            "bootdisk": "virtio0",
            "bridge": null,
            "ci_wait": null,
            "cicustom": null,
            "cipassword": null,
            "ciuser": null,
            "clone": "debian-templ",
            "clone_wait": 15,
            "cores": 2,
            "cpu": "host",
            "desc": null,
            "disk": [
              {
                "backup": false,
                "cache": "none",
                "discard": "",
                "format": "raw",
                "id": 0,
                "iothread": true,
                "mbps": 0,
                "mbps_rd": 0,
                "mbps_rd_max": 0,
                "mbps_wr": 0,
                "mbps_wr_max": 0,
                "replicate": false,
                "size": "33",
                "ssd": null,
                "storage": "local-zfs",
                "storage_type": "zfspool",
                "type": "virtio"
              }
            ],
            "disk_gb": null,
            "force_create": false,
            "full_clone": true,
            "hastate": null,
            "hotplug": "network,disk,usb",
            "id": "pve-0/qemu/102",
            "ipconfig0": "ip=192.168.4.51/16,gw=192.168.0.1",
            "ipconfig1": null,
            "ipconfig2": null,
            "iso": null,
            "kvm": true,
            "mac": null,
            "memory": 2560,
            "name": "deb-k3s-1",
            "nameserver": null,
            "network": [
              {
                "bridge": "vmbr0",
                "firewall": false,
                "id": 0,
                "link_down": false,
                "macaddr": "B6:CD:8A:ED:AE:21",
                "model": "virtio",
                "queues": -1,
                "rate": -1,
                "tag": -1
              }
            ],
            "nic": null,
            "numa": false,
            "onboot": true,
            "os_network_config": null,
            "os_type": "cloud-init",
            "pool": null,
            "preprovision": true,
            "qemu_os": null,
            "scsihw": "virtio-scsi-pci",
            "searchdomain": null,
            "serial": [],
            "sockets": 1,
            "ssh_forward_ip": null,
            "ssh_host": "192.168.4.51",
            "ssh_port": "22",
            "ssh_private_key": null,
            "ssh_user": null,
            "sshkeys": "ssh-rsa AAAAB3NzaC1yc2EAAAADAQABAAABAQC5jzKi37jm3517bqThbw+7LR/GXm3qC6Az5F+ZUa36vYM7Ygk2K5bWcFIL2YUCrkL5jfSsvoowONjCAxyuoyxtW4MJxnQLyq4u4yDsRC7YvBPAKZUYaHwnbkCfDs5a75dEFOoDxCA0DY2GrhqzBndaTcCfl0fZ4vN+9LcKOb1dSKiHeHvsh35YNtwntbL21meo+hiycUEgGwNe9/4kxKpdGTr7HvbeX2Fjm/UZBZIJKVcGop/3gCHXYnKH+OY5zc8cmt9Jg4CIwEqrSKeOX0bE8LSPRpVRXH4v8OcMaMei/HQejlH8NBwybEdJ4mhl8vHaFEjDbIWoOujmiRQF2263 angle@puddle",
            "storage": null,
            "storage_type": null,
            "target_node": "pve-0",
            "vcpus": 0,
            "vga": [],
            "vlan": -1,
            "vmid": 0
          },
          "private": "bnVsbA=="
        },
        {
          "index_key": 1,
          "schema_version": 0,
          "attributes": {
            "agent": 1,
            "balloon": 0,
            "bios": "seabios",
            "boot": "cdn",
            "bootdisk": "virtio0",
            "bridge": null,
            "ci_wait": null,
            "cicustom": null,
            "cipassword": null,
            "ciuser": null,
            "clone": "debian-templ",
            "clone_wait": 15,
            "cores": 2,
            "cpu": "host",
            "desc": null,
            "disk": [
              {
                "backup": false,
                "cache": "none",
                "discard": "",
                "format": "raw",
                "id": 0,
                "iothread": true,
                "mbps": 0,
                "mbps_rd": 0,
                "mbps_rd_max": 0,
                "mbps_wr": 0,
                "mbps_wr_max": 0,
                "replicate": false,
                "size": "33",
                "ssd": null,
                "storage": "local-zfs",
                "storage_type": "zfspool",
                "type": "virtio"
              }
            ],
            "disk_gb": null,
            "force_create": false,
            "full_clone": true,
            "hastate": null,
            "hotplug": "network,disk,usb",
            "id": "pve-0/qemu/101",
            "ipconfig0": "ip=192.168.4.52/16,gw=192.168.0.1",
            "ipconfig1": null,
            "ipconfig2": null,
            "iso": null,
            "kvm": true,
            "mac": null,
            "memory": 2560,
            "name": "deb-k3s-2",
            "nameserver": null,
            "network": [
              {
                "bridge": "vmbr0",
                "firewall": false,
                "id": 0,
                "link_down": false,
                "macaddr": "CA:8C:A0:2D:BA:F2",
                "model": "virtio",
                "queues": -1,
                "rate": -1,
                "tag": -1
              }
            ],
            "nic": null,
            "numa": false,
            "onboot": true,
            "os_network_config": null,
            "os_type": "cloud-init",
            "pool": null,
            "preprovision": true,
            "qemu_os": null,
            "scsihw": "virtio-scsi-pci",
            "searchdomain": null,
            "serial": [],
            "sockets": 1,
            "ssh_forward_ip": null,
            "ssh_host": "192.168.4.52",
            "ssh_port": "22",
            "ssh_private_key": null,
            "ssh_user": null,
            "sshkeys": "ssh-rsa AAAAB3NzaC1yc2EAAAADAQABAAABAQC5jzKi37jm3517bqThbw+7LR/GXm3qC6Az5F+ZUa36vYM7Ygk2K5bWcFIL2YUCrkL5jfSsvoowONjCAxyuoyxtW4MJxnQLyq4u4yDsRC7YvBPAKZUYaHwnbkCfDs5a75dEFOoDxCA0DY2GrhqzBndaTcCfl0fZ4vN+9LcKOb1dSKiHeHvsh35YNtwntbL21meo+hiycUEgGwNe9/4kxKpdGTr7HvbeX2Fjm/UZBZIJKVcGop/3gCHXYnKH+OY5zc8cmt9Jg4CIwEqrSKeOX0bE8LSPRpVRXH4v8OcMaMei/HQejlH8NBwybEdJ4mhl8vHaFEjDbIWoOujmiRQF2263 angle@puddle",
            "storage": null,
            "storage_type": null,
            "target_node": "pve-0",
            "vcpus": 0,
            "vga": [],
            "vlan": -1,
            "vmid": 0
          },
          "private": "bnVsbA=="
        },
        {
          "index_key": 2,
          "schema_version": 0,
          "attributes": {
            "agent": 1,
            "balloon": 0,
            "bios": "seabios",
            "boot": "cdn",
            "bootdisk": "virtio0",
            "bridge": null,
            "ci_wait": null,
            "cicustom": null,
            "cipassword": null,
            "ciuser": null,
            "clone": "debian-templ",
            "clone_wait": 15,
            "cores": 2,
            "cpu": "host",
            "desc": null,
            "disk": [
              {
                "backup": false,
                "cache": "none",
                "discard": "",
                "format": "raw",
                "id": 0,
                "iothread": true,
                "mbps": 0,
                "mbps_rd": 0,
                "mbps_rd_max": 0,
                "mbps_wr": 0,
                "mbps_wr_max": 0,
                "replicate": false,
                "size": "33",
                "ssd": null,
                "storage": "local-zfs",
                "storage_type": "zfspool",
                "type": "virtio"
              }
            ],
            "disk_gb": null,
            "force_create": false,
            "full_clone": true,
            "hastate": null,
            "hotplug": "network,disk,usb",
            "id": "pve-0/qemu/100",
            "ipconfig0": "ip=192.168.4.53/16,gw=192.168.0.1",
            "ipconfig1": null,
            "ipconfig2": null,
            "iso": null,
            "kvm": true,
            "mac": null,
            "memory": 2560,
            "name": "deb-k3s-3",
            "nameserver": null,
            "network": [
              {
                "bridge": "vmbr0",
                "firewall": false,
                "id": 0,
                "link_down": false,
                "macaddr": "82:7E:68:9A:FA:4E",
                "model": "virtio",
                "queues": -1,
                "rate": -1,
                "tag": -1
              }
            ],
            "nic": null,
            "numa": false,
            "onboot": true,
            "os_network_config": null,
            "os_type": "cloud-init",
            "pool": null,
            "preprovision": true,
            "qemu_os": null,
            "scsihw": "virtio-scsi-pci",
            "searchdomain": null,
            "serial": [],
            "sockets": 1,
            "ssh_forward_ip": null,
            "ssh_host": "192.168.4.53",
            "ssh_port": "22",
            "ssh_private_key": null,
            "ssh_user": null,
            "sshkeys": "ssh-rsa AAAAB3NzaC1yc2EAAAADAQABAAABAQC5jzKi37jm3517bqThbw+7LR/GXm3qC6Az5F+ZUa36vYM7Ygk2K5bWcFIL2YUCrkL5jfSsvoowONjCAxyuoyxtW4MJxnQLyq4u4yDsRC7YvBPAKZUYaHwnbkCfDs5a75dEFOoDxCA0DY2GrhqzBndaTcCfl0fZ4vN+9LcKOb1dSKiHeHvsh35YNtwntbL21meo+hiycUEgGwNe9/4kxKpdGTr7HvbeX2Fjm/UZBZIJKVcGop/3gCHXYnKH+OY5zc8cmt9Jg4CIwEqrSKeOX0bE8LSPRpVRXH4v8OcMaMei/HQejlH8NBwybEdJ4mhl8vHaFEjDbIWoOujmiRQF2263 angle@puddle",
            "storage": null,
            "storage_type": null,
            "target_node": "pve-0",
            "vcpus": 0,
            "vga": [],
            "vlan": -1,
            "vmid": 0
          },
          "private": "bnVsbA=="
        }
      ]
    }
  ]
}
