{
  "version": 4,
  "terraform_version": "1.5.3",
  "serial": 115,
  "lineage": "8c5641ef-7678-d2b1-00d7-eb3d36a0757d",
  "outputs": {},
  "resources": [
    {
      "mode": "managed",
      "type": "local_file",
      "name": "hosts_cfg_k3s",
      "provider": "provider[\"registry.terraform.io/hashicorp/local\"]",
      "instances": [
        {
          "schema_version": 0,
          "attributes": {
            "content": "[master]\n10.0.50.51 ansible_host=10.0.50.51\n\n[node]\n10.0.50.61 ansible_host=10.0.50.61\n10.0.50.62 ansible_host=10.0.50.62\n10.0.50.63 ansible_host=10.0.50.63\n\n[k3s_cluster:children]\nmaster\nnode\n\n[k3s_cluster:vars]\nansible_private_key_file=/home/angle/.ssh/id_rsa\nansible_python_interpreter='/usr/bin/env python3'\nansible_user=debian\n",
            "content_base64": null,
            "content_base64sha256": "jXaJ5eYWjMOQv7NQ2PArjBR4RDRA/oJfj9FfkYSBRlg=",
            "content_base64sha512": "N63t7u42EAinT5ACkz4HKLjcAY7tXUTFm3eFvNrxcaCIwEH6ZBunOvMfUZEJgRSS+jxAVEjodJ0fI4teCKxxXg==",
            "content_md5": "5278500da5bf5195a8609d0b3280a02f",
            "content_sha1": "2dea0d81466cfe758fa1ac14d816259be8855b1b",
            "content_sha256": "8d7689e5e6168cc390bfb350d8f02b8c1478443440fe825f8fd15f9184814658",
            "content_sha512": "37adedeeee361008a74f9002933e0728b8dc018eed5d44c59b7785bcdaf171a088c041fa641ba73af31f519109811492fa3c405448e8749d1f238b5e08ac715e",
            "directory_permission": "0777",
            "file_permission": "0644",
            "filename": "inventory/k3s-inventory.ini",
            "id": "2dea0d81466cfe758fa1ac14d816259be8855b1b",
            "sensitive_content": null,
            "source": null
          },
          "sensitive_attributes": [
            [
              {
                "type": "get_attr",
                "value": "content"
              }
            ]
          ],
          "dependencies": [
            "proxmox_vm_qemu.proxmox_vm_k3s_ha_master",
            "proxmox_vm_qemu.proxmox_vm_k3s_ha_workers"
          ]
        }
      ]
    },
    {
      "mode": "managed",
      "type": "proxmox_vm_qemu",
      "name": "proxmox_vm_k3s_ha_master",
      "provider": "provider[\"registry.terraform.io/telmate/proxmox\"].pve0",
      "instances": [
        {
          "index_key": 0,
          "schema_version": 0,
          "attributes": {
            "additional_wait": 5,
            "agent": 1,
            "args": "",
            "automatic_reboot": true,
            "balloon": 0,
            "bios": "seabios",
            "boot": "c",
            "bootdisk": "virtio0",
            "bridge": null,
            "ci_wait": null,
            "cicustom": "",
            "cipassword": "",
            "ciuser": "",
            "clone": "debian-11-template",
            "clone_wait": 10,
            "cloudinit_cdrom_storage": null,
            "cores": 2,
            "cpu": "host",
            "default_ipv4_address": "10.0.50.51",
            "define_connection_info": true,
            "desc": "k3s cluster control plane node",
            "disk": [
              {
                "aio": "",
                "backup": true,
                "cache": "none",
                "discard": "",
                "file": "vm-106-disk-0",
                "format": "raw",
                "iops": 0,
                "iops_max": 0,
                "iops_max_length": 0,
                "iops_rd": 0,
                "iops_rd_max": 0,
                "iops_rd_max_length": 0,
                "iops_wr": 0,
                "iops_wr_max": 0,
                "iops_wr_max_length": 0,
                "iothread": 0,
                "mbps": 0,
                "mbps_rd": 0,
                "mbps_rd_max": 0,
                "mbps_wr": 0,
                "mbps_wr_max": 0,
                "media": "",
                "replicate": 0,
                "size": "40G",
                "slot": 0,
                "ssd": 0,
                "storage": "local-lvm",
                "storage_type": "lvmthin",
                "type": "virtio",
                "volume": "local-lvm:vm-106-disk-0"
              }
            ],
            "disk_gb": null,
            "force_create": false,
            "force_recreate_on_change_of": null,
            "full_clone": true,
            "guest_agent_ready_timeout": 100,
            "hagroup": "",
            "hastate": "",
            "hostpci": [],
            "hotplug": "network,disk,usb",
            "id": "pve0/qemu/106",
            "ipconfig0": "ip=10.0.50.51/24,gw=10.0.50.254",
            "ipconfig1": "",
            "ipconfig10": "",
            "ipconfig11": "",
            "ipconfig12": "",
            "ipconfig13": "",
            "ipconfig14": "",
            "ipconfig15": "",
            "ipconfig2": "",
            "ipconfig3": "",
            "ipconfig4": "",
            "ipconfig5": "",
            "ipconfig6": "",
            "ipconfig7": "",
            "ipconfig8": "",
            "ipconfig9": "",
            "iso": null,
            "kvm": true,
            "mac": null,
            "machine": "",
            "memory": 4096,
            "name": "k3s-m-1",
            "nameserver": "",
            "network": [
              {
                "bridge": "vmbr0",
                "firewall": false,
                "link_down": false,
                "macaddr": "76:04:D0:8E:3C:F8",
                "model": "virtio",
                "mtu": 0,
                "queues": 0,
                "rate": 0,
                "tag": -1
              }
            ],
            "nic": null,
            "numa": false,
            "onboot": true,
            "oncreate": true,
            "os_network_config": null,
            "os_type": "cloud-init",
            "pool": "",
            "preprovision": true,
            "pxe": null,
            "qemu_os": "other",
            "reboot_required": false,
            "scsihw": "virtio-scsi-pci",
            "searchdomain": "",
            "serial": [],
            "sockets": 1,
            "ssh_forward_ip": null,
            "ssh_host": "10.0.50.51",
            "ssh_port": "22",
            "ssh_private_key": null,
            "ssh_user": null,
            "sshkeys": "ssh-rsa AAAAB3NzaC1yc2EAAAADAQABAAABAQC5jzKi37jm3517bqThbw+7LR/GXm3qC6Az5F+ZUa36vYM7Ygk2K5bWcFIL2YUCrkL5jfSsvoowONjCAxyuoyxtW4MJxnQLyq4u4yDsRC7YvBPAKZUYaHwnbkCfDs5a75dEFOoDxCA0DY2GrhqzBndaTcCfl0fZ4vN+9LcKOb1dSKiHeHvsh35YNtwntbL21meo+hiycUEgGwNe9/4kxKpdGTr7HvbeX2Fjm/UZBZIJKVcGop/3gCHXYnKH+OY5zc8cmt9Jg4CIwEqrSKeOX0bE8LSPRpVRXH4v8OcMaMei/HQejlH8NBwybEdJ4mhl8vHaFEjDbIWoOujmiRQF2263 angle@puddle\n",
            "startup": "",
            "storage": null,
            "storage_type": null,
            "tablet": true,
            "tags": "",
            "target_node": "pve0",
            "timeouts": null,
            "unused_disk": [],
            "usb": [],
            "vcpus": 1,
            "vga": [],
            "vlan": -1,
            "vmid": null
          },
          "sensitive_attributes": [],
          "private": "eyJlMmJmYjczMC1lY2FhLTExZTYtOGY4OC0zNDM2M2JjN2M0YzAiOnsiY3JlYXRlIjoxMjAwMDAwMDAwMDAwLCJkZWZhdWx0IjoxMjAwMDAwMDAwMDAwLCJkZWxldGUiOjEyMDAwMDAwMDAwMDAsInJlYWQiOjEyMDAwMDAwMDAwMDAsInVwZGF0ZSI6MTIwMDAwMDAwMDAwMH19"
        }
      ]
    },
    {
      "mode": "managed",
      "type": "proxmox_vm_qemu",
      "name": "proxmox_vm_k3s_ha_workers",
      "provider": "provider[\"registry.terraform.io/telmate/proxmox\"].pve0",
      "instances": [
        {
          "index_key": 0,
          "schema_version": 0,
          "attributes": {
            "additional_wait": 5,
            "agent": 1,
            "args": "",
            "automatic_reboot": true,
            "balloon": 0,
            "bios": "seabios",
            "boot": "c",
            "bootdisk": "virtio0",
            "bridge": null,
            "ci_wait": null,
            "cicustom": "",
            "cipassword": "",
            "ciuser": "",
            "clone": "debian-11-template",
            "clone_wait": 10,
            "cloudinit_cdrom_storage": null,
            "cores": 2,
            "cpu": "host",
            "default_ipv4_address": "10.0.50.61",
            "define_connection_info": true,
            "desc": "k3s cluster worker node",
            "disk": [
              {
                "aio": "",
                "backup": true,
                "cache": "none",
                "discard": "",
                "file": "vm-105-disk-0",
                "format": "raw",
                "iops": 0,
                "iops_max": 0,
                "iops_max_length": 0,
                "iops_rd": 0,
                "iops_rd_max": 0,
                "iops_rd_max_length": 0,
                "iops_wr": 0,
                "iops_wr_max": 0,
                "iops_wr_max_length": 0,
                "iothread": 0,
                "mbps": 0,
                "mbps_rd": 0,
                "mbps_rd_max": 0,
                "mbps_wr": 0,
                "mbps_wr_max": 0,
                "media": "",
                "replicate": 0,
                "size": "50G",
                "slot": 0,
                "ssd": 0,
                "storage": "local-lvm",
                "storage_type": "lvmthin",
                "type": "virtio",
                "volume": "local-lvm:vm-105-disk-0"
              }
            ],
            "disk_gb": null,
            "force_create": false,
            "force_recreate_on_change_of": null,
            "full_clone": true,
            "guest_agent_ready_timeout": 100,
            "hagroup": "",
            "hastate": "",
            "hostpci": [],
            "hotplug": "network,disk,usb",
            "id": "pve0/qemu/105",
            "ipconfig0": "ip=10.0.50.61/24,gw=10.0.50.254",
            "ipconfig1": "",
            "ipconfig10": "",
            "ipconfig11": "",
            "ipconfig12": "",
            "ipconfig13": "",
            "ipconfig14": "",
            "ipconfig15": "",
            "ipconfig2": "",
            "ipconfig3": "",
            "ipconfig4": "",
            "ipconfig5": "",
            "ipconfig6": "",
            "ipconfig7": "",
            "ipconfig8": "",
            "ipconfig9": "",
            "iso": null,
            "kvm": true,
            "mac": null,
            "machine": "",
            "memory": 2560,
            "name": "k3s-w-1",
            "nameserver": "",
            "network": [
              {
                "bridge": "vmbr0",
                "firewall": false,
                "link_down": false,
                "macaddr": "FE:E5:A7:1F:9A:38",
                "model": "virtio",
                "mtu": 0,
                "queues": 0,
                "rate": 0,
                "tag": -1
              }
            ],
            "nic": null,
            "numa": false,
            "onboot": true,
            "oncreate": true,
            "os_network_config": null,
            "os_type": "cloud-init",
            "pool": "",
            "preprovision": true,
            "pxe": null,
            "qemu_os": "other",
            "reboot_required": false,
            "scsihw": "virtio-scsi-pci",
            "searchdomain": "",
            "serial": [],
            "sockets": 1,
            "ssh_forward_ip": null,
            "ssh_host": "10.0.50.61",
            "ssh_port": "22",
            "ssh_private_key": null,
            "ssh_user": null,
            "sshkeys": "ssh-rsa AAAAB3NzaC1yc2EAAAADAQABAAABAQC5jzKi37jm3517bqThbw+7LR/GXm3qC6Az5F+ZUa36vYM7Ygk2K5bWcFIL2YUCrkL5jfSsvoowONjCAxyuoyxtW4MJxnQLyq4u4yDsRC7YvBPAKZUYaHwnbkCfDs5a75dEFOoDxCA0DY2GrhqzBndaTcCfl0fZ4vN+9LcKOb1dSKiHeHvsh35YNtwntbL21meo+hiycUEgGwNe9/4kxKpdGTr7HvbeX2Fjm/UZBZIJKVcGop/3gCHXYnKH+OY5zc8cmt9Jg4CIwEqrSKeOX0bE8LSPRpVRXH4v8OcMaMei/HQejlH8NBwybEdJ4mhl8vHaFEjDbIWoOujmiRQF2263 angle@puddle\n",
            "startup": "",
            "storage": null,
            "storage_type": null,
            "tablet": true,
            "tags": "",
            "target_node": "pve0",
            "timeouts": null,
            "unused_disk": [],
            "usb": [],
            "vcpus": 1,
            "vga": [],
            "vlan": -1,
            "vmid": null
          },
          "sensitive_attributes": [],
          "private": "eyJlMmJmYjczMC1lY2FhLTExZTYtOGY4OC0zNDM2M2JjN2M0YzAiOnsiY3JlYXRlIjoxMjAwMDAwMDAwMDAwLCJkZWZhdWx0IjoxMjAwMDAwMDAwMDAwLCJkZWxldGUiOjEyMDAwMDAwMDAwMDAsInJlYWQiOjEyMDAwMDAwMDAwMDAsInVwZGF0ZSI6MTIwMDAwMDAwMDAwMH19"
        },
        {
          "index_key": 1,
          "schema_version": 0,
          "attributes": {
            "additional_wait": 5,
            "agent": 1,
            "args": "",
            "automatic_reboot": true,
            "balloon": 0,
            "bios": "seabios",
            "boot": "c",
            "bootdisk": "virtio0",
            "bridge": null,
            "ci_wait": null,
            "cicustom": "",
            "cipassword": "",
            "ciuser": "",
            "clone": "debian-11-template",
            "clone_wait": 10,
            "cloudinit_cdrom_storage": null,
            "cores": 2,
            "cpu": "host",
            "default_ipv4_address": "10.0.50.62",
            "define_connection_info": true,
            "desc": "k3s cluster worker node",
            "disk": [
              {
                "aio": "",
                "backup": true,
                "cache": "none",
                "discard": "",
                "file": "vm-104-disk-0",
                "format": "raw",
                "iops": 0,
                "iops_max": 0,
                "iops_max_length": 0,
                "iops_rd": 0,
                "iops_rd_max": 0,
                "iops_rd_max_length": 0,
                "iops_wr": 0,
                "iops_wr_max": 0,
                "iops_wr_max_length": 0,
                "iothread": 0,
                "mbps": 0,
                "mbps_rd": 0,
                "mbps_rd_max": 0,
                "mbps_wr": 0,
                "mbps_wr_max": 0,
                "media": "",
                "replicate": 0,
                "size": "50G",
                "slot": 0,
                "ssd": 0,
                "storage": "local-lvm",
                "storage_type": "lvmthin",
                "type": "virtio",
                "volume": "local-lvm:vm-104-disk-0"
              }
            ],
            "disk_gb": null,
            "force_create": false,
            "force_recreate_on_change_of": null,
            "full_clone": true,
            "guest_agent_ready_timeout": 100,
            "hagroup": "",
            "hastate": "",
            "hostpci": [],
            "hotplug": "network,disk,usb",
            "id": "pve0/qemu/104",
            "ipconfig0": "ip=10.0.50.62/24,gw=10.0.50.254",
            "ipconfig1": "",
            "ipconfig10": "",
            "ipconfig11": "",
            "ipconfig12": "",
            "ipconfig13": "",
            "ipconfig14": "",
            "ipconfig15": "",
            "ipconfig2": "",
            "ipconfig3": "",
            "ipconfig4": "",
            "ipconfig5": "",
            "ipconfig6": "",
            "ipconfig7": "",
            "ipconfig8": "",
            "ipconfig9": "",
            "iso": null,
            "kvm": true,
            "mac": null,
            "machine": "",
            "memory": 2560,
            "name": "k3s-w-2",
            "nameserver": "",
            "network": [
              {
                "bridge": "vmbr0",
                "firewall": false,
                "link_down": false,
                "macaddr": "B2:6A:09:3E:F7:00",
                "model": "virtio",
                "mtu": 0,
                "queues": 0,
                "rate": 0,
                "tag": -1
              }
            ],
            "nic": null,
            "numa": false,
            "onboot": true,
            "oncreate": true,
            "os_network_config": null,
            "os_type": "cloud-init",
            "pool": "",
            "preprovision": true,
            "pxe": null,
            "qemu_os": "other",
            "reboot_required": false,
            "scsihw": "virtio-scsi-pci",
            "searchdomain": "",
            "serial": [],
            "sockets": 1,
            "ssh_forward_ip": null,
            "ssh_host": "10.0.50.62",
            "ssh_port": "22",
            "ssh_private_key": null,
            "ssh_user": null,
            "sshkeys": "ssh-rsa AAAAB3NzaC1yc2EAAAADAQABAAABAQC5jzKi37jm3517bqThbw+7LR/GXm3qC6Az5F+ZUa36vYM7Ygk2K5bWcFIL2YUCrkL5jfSsvoowONjCAxyuoyxtW4MJxnQLyq4u4yDsRC7YvBPAKZUYaHwnbkCfDs5a75dEFOoDxCA0DY2GrhqzBndaTcCfl0fZ4vN+9LcKOb1dSKiHeHvsh35YNtwntbL21meo+hiycUEgGwNe9/4kxKpdGTr7HvbeX2Fjm/UZBZIJKVcGop/3gCHXYnKH+OY5zc8cmt9Jg4CIwEqrSKeOX0bE8LSPRpVRXH4v8OcMaMei/HQejlH8NBwybEdJ4mhl8vHaFEjDbIWoOujmiRQF2263 angle@puddle\n",
            "startup": "",
            "storage": null,
            "storage_type": null,
            "tablet": true,
            "tags": "",
            "target_node": "pve0",
            "timeouts": null,
            "unused_disk": [],
            "usb": [],
            "vcpus": 1,
            "vga": [],
            "vlan": -1,
            "vmid": null
          },
          "sensitive_attributes": [],
          "private": "eyJlMmJmYjczMC1lY2FhLTExZTYtOGY4OC0zNDM2M2JjN2M0YzAiOnsiY3JlYXRlIjoxMjAwMDAwMDAwMDAwLCJkZWZhdWx0IjoxMjAwMDAwMDAwMDAwLCJkZWxldGUiOjEyMDAwMDAwMDAwMDAsInJlYWQiOjEyMDAwMDAwMDAwMDAsInVwZGF0ZSI6MTIwMDAwMDAwMDAwMH19"
        },
        {
          "index_key": 2,
          "schema_version": 0,
          "attributes": {
            "additional_wait": 5,
            "agent": 1,
            "args": "",
            "automatic_reboot": true,
            "balloon": 0,
            "bios": "seabios",
            "boot": "c",
            "bootdisk": "virtio0",
            "bridge": null,
            "ci_wait": null,
            "cicustom": "",
            "cipassword": "",
            "ciuser": "",
            "clone": "debian-11-template",
            "clone_wait": 10,
            "cloudinit_cdrom_storage": null,
            "cores": 2,
            "cpu": "host",
            "default_ipv4_address": "10.0.50.63",
            "define_connection_info": true,
            "desc": "k3s cluster worker node",
            "disk": [
              {
                "aio": "",
                "backup": true,
                "cache": "none",
                "discard": "",
                "file": "vm-103-disk-0",
                "format": "raw",
                "iops": 0,
                "iops_max": 0,
                "iops_max_length": 0,
                "iops_rd": 0,
                "iops_rd_max": 0,
                "iops_rd_max_length": 0,
                "iops_wr": 0,
                "iops_wr_max": 0,
                "iops_wr_max_length": 0,
                "iothread": 0,
                "mbps": 0,
                "mbps_rd": 0,
                "mbps_rd_max": 0,
                "mbps_wr": 0,
                "mbps_wr_max": 0,
                "media": "",
                "replicate": 0,
                "size": "50G",
                "slot": 0,
                "ssd": 0,
                "storage": "local-lvm",
                "storage_type": "lvmthin",
                "type": "virtio",
                "volume": "local-lvm:vm-103-disk-0"
              }
            ],
            "disk_gb": null,
            "force_create": false,
            "force_recreate_on_change_of": null,
            "full_clone": true,
            "guest_agent_ready_timeout": 100,
            "hagroup": "",
            "hastate": "",
            "hostpci": [],
            "hotplug": "network,disk,usb",
            "id": "pve0/qemu/103",
            "ipconfig0": "ip=10.0.50.63/24,gw=10.0.50.254",
            "ipconfig1": "",
            "ipconfig10": "",
            "ipconfig11": "",
            "ipconfig12": "",
            "ipconfig13": "",
            "ipconfig14": "",
            "ipconfig15": "",
            "ipconfig2": "",
            "ipconfig3": "",
            "ipconfig4": "",
            "ipconfig5": "",
            "ipconfig6": "",
            "ipconfig7": "",
            "ipconfig8": "",
            "ipconfig9": "",
            "iso": null,
            "kvm": true,
            "mac": null,
            "machine": "",
            "memory": 2560,
            "name": "k3s-w-3",
            "nameserver": "",
            "network": [
              {
                "bridge": "vmbr0",
                "firewall": false,
                "link_down": false,
                "macaddr": "BE:3C:CF:C1:83:18",
                "model": "virtio",
                "mtu": 0,
                "queues": 0,
                "rate": 0,
                "tag": -1
              }
            ],
            "nic": null,
            "numa": false,
            "onboot": true,
            "oncreate": true,
            "os_network_config": null,
            "os_type": "cloud-init",
            "pool": "",
            "preprovision": true,
            "pxe": null,
            "qemu_os": "other",
            "reboot_required": false,
            "scsihw": "virtio-scsi-pci",
            "searchdomain": "",
            "serial": [],
            "sockets": 1,
            "ssh_forward_ip": null,
            "ssh_host": "10.0.50.63",
            "ssh_port": "22",
            "ssh_private_key": null,
            "ssh_user": null,
            "sshkeys": "ssh-rsa AAAAB3NzaC1yc2EAAAADAQABAAABAQC5jzKi37jm3517bqThbw+7LR/GXm3qC6Az5F+ZUa36vYM7Ygk2K5bWcFIL2YUCrkL5jfSsvoowONjCAxyuoyxtW4MJxnQLyq4u4yDsRC7YvBPAKZUYaHwnbkCfDs5a75dEFOoDxCA0DY2GrhqzBndaTcCfl0fZ4vN+9LcKOb1dSKiHeHvsh35YNtwntbL21meo+hiycUEgGwNe9/4kxKpdGTr7HvbeX2Fjm/UZBZIJKVcGop/3gCHXYnKH+OY5zc8cmt9Jg4CIwEqrSKeOX0bE8LSPRpVRXH4v8OcMaMei/HQejlH8NBwybEdJ4mhl8vHaFEjDbIWoOujmiRQF2263 angle@puddle\n",
            "startup": "",
            "storage": null,
            "storage_type": null,
            "tablet": true,
            "tags": "",
            "target_node": "pve0",
            "timeouts": null,
            "unused_disk": [],
            "usb": [],
            "vcpus": 1,
            "vga": [],
            "vlan": -1,
            "vmid": null
          },
          "sensitive_attributes": [],
          "private": "eyJlMmJmYjczMC1lY2FhLTExZTYtOGY4OC0zNDM2M2JjN2M0YzAiOnsiY3JlYXRlIjoxMjAwMDAwMDAwMDAwLCJkZWZhdWx0IjoxMjAwMDAwMDAwMDAwLCJkZWxldGUiOjEyMDAwMDAwMDAwMDAsInJlYWQiOjEyMDAwMDAwMDAwMDAsInVwZGF0ZSI6MTIwMDAwMDAwMDAwMH19"
        }
      ]
    },
    {
      "mode": "managed",
      "type": "proxmox_vm_qemu",
      "name": "proxmox_vm_mysql",
      "provider": "provider[\"registry.terraform.io/telmate/proxmox\"].pve0",
      "instances": [
        {
          "index_key": 0,
          "schema_version": 0,
          "attributes": {
            "additional_wait": 5,
            "agent": 1,
            "args": "",
            "automatic_reboot": true,
            "balloon": 0,
            "bios": "seabios",
            "boot": "c",
            "bootdisk": "virtio0",
            "bridge": null,
            "ci_wait": null,
            "cicustom": "",
            "cipassword": "",
            "ciuser": "",
            "clone": "debian-11-template",
            "clone_wait": 10,
            "cloudinit_cdrom_storage": null,
            "cores": 2,
            "cpu": "host",
            "default_ipv4_address": "10.0.50.23",
            "define_connection_info": true,
            "desc": "mysql instance index 0",
            "disk": [
              {
                "aio": "",
                "backup": true,
                "cache": "none",
                "discard": "",
                "file": "vm-100-disk-0",
                "format": "raw",
                "iops": 0,
                "iops_max": 0,
                "iops_max_length": 0,
                "iops_rd": 0,
                "iops_rd_max": 0,
                "iops_rd_max_length": 0,
                "iops_wr": 0,
                "iops_wr_max": 0,
                "iops_wr_max_length": 0,
                "iothread": 0,
                "mbps": 0,
                "mbps_rd": 0,
                "mbps_rd_max": 0,
                "mbps_wr": 0,
                "mbps_wr_max": 0,
                "media": "",
                "replicate": 0,
                "size": "60G",
                "slot": 0,
                "ssd": 0,
                "storage": "local-lvm",
                "storage_type": "lvmthin",
                "type": "virtio",
                "volume": "local-lvm:vm-100-disk-0"
              }
            ],
            "disk_gb": null,
            "force_create": false,
            "force_recreate_on_change_of": null,
            "full_clone": true,
            "guest_agent_ready_timeout": 100,
            "hagroup": "",
            "hastate": "",
            "hostpci": [],
            "hotplug": "network,disk,usb",
            "id": "pve0/qemu/100",
            "ipconfig0": "ip=10.0.50.23/24,gw=10.0.50.254",
            "ipconfig1": "",
            "ipconfig10": "",
            "ipconfig11": "",
            "ipconfig12": "",
            "ipconfig13": "",
            "ipconfig14": "",
            "ipconfig15": "",
            "ipconfig2": "",
            "ipconfig3": "",
            "ipconfig4": "",
            "ipconfig5": "",
            "ipconfig6": "",
            "ipconfig7": "",
            "ipconfig8": "",
            "ipconfig9": "",
            "iso": null,
            "kvm": true,
            "mac": null,
            "machine": "",
            "memory": 2048,
            "name": "mysql-0",
            "nameserver": "",
            "network": [
              {
                "bridge": "vmbr0",
                "firewall": false,
                "link_down": false,
                "macaddr": "E6:99:1A:B8:C5:7D",
                "model": "virtio",
                "mtu": 0,
                "queues": 0,
                "rate": 0,
                "tag": -1
              }
            ],
            "nic": null,
            "numa": false,
            "onboot": true,
            "oncreate": true,
            "os_network_config": null,
            "os_type": "cloud-init",
            "pool": "",
            "preprovision": true,
            "pxe": null,
            "qemu_os": "other",
            "reboot_required": false,
            "scsihw": "virtio-scsi-pci",
            "searchdomain": "",
            "serial": [],
            "sockets": 1,
            "ssh_forward_ip": null,
            "ssh_host": "10.0.50.23",
            "ssh_port": "22",
            "ssh_private_key": null,
            "ssh_user": null,
            "sshkeys": "ssh-rsa AAAAB3NzaC1yc2EAAAADAQABAAABAQC5jzKi37jm3517bqThbw+7LR/GXm3qC6Az5F+ZUa36vYM7Ygk2K5bWcFIL2YUCrkL5jfSsvoowONjCAxyuoyxtW4MJxnQLyq4u4yDsRC7YvBPAKZUYaHwnbkCfDs5a75dEFOoDxCA0DY2GrhqzBndaTcCfl0fZ4vN+9LcKOb1dSKiHeHvsh35YNtwntbL21meo+hiycUEgGwNe9/4kxKpdGTr7HvbeX2Fjm/UZBZIJKVcGop/3gCHXYnKH+OY5zc8cmt9Jg4CIwEqrSKeOX0bE8LSPRpVRXH4v8OcMaMei/HQejlH8NBwybEdJ4mhl8vHaFEjDbIWoOujmiRQF2263 angle@puddle\n",
            "startup": "",
            "storage": null,
            "storage_type": null,
            "tablet": true,
            "tags": "",
            "target_node": "pve0",
            "timeouts": null,
            "unused_disk": [],
            "usb": [],
            "vcpus": 1,
            "vga": [],
            "vlan": -1,
            "vmid": null
          },
          "sensitive_attributes": [],
          "private": "eyJlMmJmYjczMC1lY2FhLTExZTYtOGY4OC0zNDM2M2JjN2M0YzAiOnsiY3JlYXRlIjoxMjAwMDAwMDAwMDAwLCJkZWZhdWx0IjoxMjAwMDAwMDAwMDAwLCJkZWxldGUiOjEyMDAwMDAwMDAwMDAsInJlYWQiOjEyMDAwMDAwMDAwMDAsInVwZGF0ZSI6MTIwMDAwMDAwMDAwMH19"
        }
      ]
    },
    {
      "mode": "managed",
      "type": "proxmox_vm_qemu",
      "name": "proxmox_vm_pihole",
      "provider": "provider[\"registry.terraform.io/telmate/proxmox\"].pve0",
      "instances": [
        {
          "index_key": 0,
          "schema_version": 0,
          "attributes": {
            "additional_wait": 5,
            "agent": 1,
            "args": "",
            "automatic_reboot": true,
            "balloon": 0,
            "bios": "seabios",
            "boot": "c",
            "bootdisk": "virtio0",
            "bridge": null,
            "ci_wait": null,
            "cicustom": "",
            "cipassword": "",
            "ciuser": "",
            "clone": "debian-11-template",
            "clone_wait": 10,
            "cloudinit_cdrom_storage": null,
            "cores": 1,
            "cpu": "host",
            "default_ipv4_address": "10.0.50.2",
            "define_connection_info": true,
            "desc": "pihole! in a VM!! number 1 of its kind",
            "disk": [
              {
                "aio": "",
                "backup": true,
                "cache": "none",
                "discard": "",
                "file": "vm-101-disk-0",
                "format": "raw",
                "iops": 0,
                "iops_max": 0,
                "iops_max_length": 0,
                "iops_rd": 0,
                "iops_rd_max": 0,
                "iops_rd_max_length": 0,
                "iops_wr": 0,
                "iops_wr_max": 0,
                "iops_wr_max_length": 0,
                "iothread": 0,
                "mbps": 0,
                "mbps_rd": 0,
                "mbps_rd_max": 0,
                "mbps_wr": 0,
                "mbps_wr_max": 0,
                "media": "",
                "replicate": 0,
                "size": "30G",
                "slot": 0,
                "ssd": 0,
                "storage": "local-lvm",
                "storage_type": "lvmthin",
                "type": "virtio",
                "volume": "local-lvm:vm-101-disk-0"
              }
            ],
            "disk_gb": null,
            "force_create": false,
            "force_recreate_on_change_of": null,
            "full_clone": true,
            "guest_agent_ready_timeout": 100,
            "hagroup": "",
            "hastate": "",
            "hostpci": [],
            "hotplug": "network,disk,usb",
            "id": "pve0/qemu/101",
            "ipconfig0": "ip=10.0.50.2/24,gw=10.0.50.254",
            "ipconfig1": "",
            "ipconfig10": "",
            "ipconfig11": "",
            "ipconfig12": "",
            "ipconfig13": "",
            "ipconfig14": "",
            "ipconfig15": "",
            "ipconfig2": "",
            "ipconfig3": "",
            "ipconfig4": "",
            "ipconfig5": "",
            "ipconfig6": "",
            "ipconfig7": "",
            "ipconfig8": "",
            "ipconfig9": "",
            "iso": null,
            "kvm": true,
            "mac": null,
            "machine": "",
            "memory": 1536,
            "name": "pihole-1",
            "nameserver": "",
            "network": [
              {
                "bridge": "vmbr0",
                "firewall": false,
                "link_down": false,
                "macaddr": "4A:7F:F6:BB:A1:6F",
                "model": "virtio",
                "mtu": 0,
                "queues": 0,
                "rate": 0,
                "tag": -1
              }
            ],
            "nic": null,
            "numa": false,
            "onboot": true,
            "oncreate": true,
            "os_network_config": null,
            "os_type": "cloud-init",
            "pool": "",
            "preprovision": true,
            "pxe": null,
            "qemu_os": "other",
            "reboot_required": false,
            "scsihw": "virtio-scsi-pci",
            "searchdomain": "",
            "serial": [],
            "sockets": 1,
            "ssh_forward_ip": null,
            "ssh_host": "10.0.50.2",
            "ssh_port": "22",
            "ssh_private_key": null,
            "ssh_user": null,
            "sshkeys": "ssh-rsa AAAAB3NzaC1yc2EAAAADAQABAAABAQC5jzKi37jm3517bqThbw+7LR/GXm3qC6Az5F+ZUa36vYM7Ygk2K5bWcFIL2YUCrkL5jfSsvoowONjCAxyuoyxtW4MJxnQLyq4u4yDsRC7YvBPAKZUYaHwnbkCfDs5a75dEFOoDxCA0DY2GrhqzBndaTcCfl0fZ4vN+9LcKOb1dSKiHeHvsh35YNtwntbL21meo+hiycUEgGwNe9/4kxKpdGTr7HvbeX2Fjm/UZBZIJKVcGop/3gCHXYnKH+OY5zc8cmt9Jg4CIwEqrSKeOX0bE8LSPRpVRXH4v8OcMaMei/HQejlH8NBwybEdJ4mhl8vHaFEjDbIWoOujmiRQF2263 angle@puddle\n",
            "startup": "",
            "storage": null,
            "storage_type": null,
            "tablet": true,
            "tags": "",
            "target_node": "pve0",
            "timeouts": null,
            "unused_disk": [],
            "usb": [],
            "vcpus": 1,
            "vga": [],
            "vlan": -1,
            "vmid": null
          },
          "sensitive_attributes": [],
          "private": "eyJlMmJmYjczMC1lY2FhLTExZTYtOGY4OC0zNDM2M2JjN2M0YzAiOnsiY3JlYXRlIjoxMjAwMDAwMDAwMDAwLCJkZWZhdWx0IjoxMjAwMDAwMDAwMDAwLCJkZWxldGUiOjEyMDAwMDAwMDAwMDAsInJlYWQiOjEyMDAwMDAwMDAwMDAsInVwZGF0ZSI6MTIwMDAwMDAwMDAwMH19"
        }
      ]
    },
    {
      "mode": "managed",
      "type": "proxmox_vm_qemu",
      "name": "proxmox_vm_postgres",
      "provider": "provider[\"registry.terraform.io/telmate/proxmox\"].pve0",
      "instances": [
        {
          "index_key": 0,
          "schema_version": 0,
          "attributes": {
            "additional_wait": 5,
            "agent": 1,
            "args": "",
            "automatic_reboot": true,
            "balloon": 0,
            "bios": "seabios",
            "boot": "c",
            "bootdisk": "virtio0",
            "bridge": null,
            "ci_wait": null,
            "cicustom": "",
            "cipassword": "",
            "ciuser": "",
            "clone": "debian-11-template",
            "clone_wait": 10,
            "cloudinit_cdrom_storage": null,
            "cores": 2,
            "cpu": "host",
            "default_ipv4_address": "10.0.50.20",
            "define_connection_info": true,
            "desc": "postgres instance index 0",
            "disk": [
              {
                "aio": "",
                "backup": true,
                "cache": "none",
                "discard": "",
                "file": "vm-102-disk-0",
                "format": "raw",
                "iops": 0,
                "iops_max": 0,
                "iops_max_length": 0,
                "iops_rd": 0,
                "iops_rd_max": 0,
                "iops_rd_max_length": 0,
                "iops_wr": 0,
                "iops_wr_max": 0,
                "iops_wr_max_length": 0,
                "iothread": 0,
                "mbps": 0,
                "mbps_rd": 0,
                "mbps_rd_max": 0,
                "mbps_wr": 0,
                "mbps_wr_max": 0,
                "media": "",
                "replicate": 0,
                "size": "90G",
                "slot": 0,
                "ssd": 0,
                "storage": "local-lvm",
                "storage_type": "lvmthin",
                "type": "virtio",
                "volume": "local-lvm:vm-102-disk-0"
              }
            ],
            "disk_gb": null,
            "force_create": false,
            "force_recreate_on_change_of": null,
            "full_clone": true,
            "guest_agent_ready_timeout": 100,
            "hagroup": "",
            "hastate": "",
            "hostpci": [],
            "hotplug": "network,disk,usb",
            "id": "pve0/qemu/102",
            "ipconfig0": "ip=10.0.50.20/24,gw=10.0.50.254",
            "ipconfig1": "",
            "ipconfig10": "",
            "ipconfig11": "",
            "ipconfig12": "",
            "ipconfig13": "",
            "ipconfig14": "",
            "ipconfig15": "",
            "ipconfig2": "",
            "ipconfig3": "",
            "ipconfig4": "",
            "ipconfig5": "",
            "ipconfig6": "",
            "ipconfig7": "",
            "ipconfig8": "",
            "ipconfig9": "",
            "iso": null,
            "kvm": true,
            "mac": null,
            "machine": "",
            "memory": 2560,
            "name": "postgres-0",
            "nameserver": "",
            "network": [
              {
                "bridge": "vmbr0",
                "firewall": false,
                "link_down": false,
                "macaddr": "16:7C:35:E4:37:C9",
                "model": "virtio",
                "mtu": 0,
                "queues": 0,
                "rate": 0,
                "tag": -1
              }
            ],
            "nic": null,
            "numa": false,
            "onboot": true,
            "oncreate": true,
            "os_network_config": null,
            "os_type": "cloud-init",
            "pool": "",
            "preprovision": true,
            "pxe": null,
            "qemu_os": "other",
            "reboot_required": false,
            "scsihw": "virtio-scsi-pci",
            "searchdomain": "",
            "serial": [],
            "sockets": 1,
            "ssh_forward_ip": null,
            "ssh_host": "10.0.50.20",
            "ssh_port": "22",
            "ssh_private_key": null,
            "ssh_user": null,
            "sshkeys": "ssh-rsa AAAAB3NzaC1yc2EAAAADAQABAAABAQC5jzKi37jm3517bqThbw+7LR/GXm3qC6Az5F+ZUa36vYM7Ygk2K5bWcFIL2YUCrkL5jfSsvoowONjCAxyuoyxtW4MJxnQLyq4u4yDsRC7YvBPAKZUYaHwnbkCfDs5a75dEFOoDxCA0DY2GrhqzBndaTcCfl0fZ4vN+9LcKOb1dSKiHeHvsh35YNtwntbL21meo+hiycUEgGwNe9/4kxKpdGTr7HvbeX2Fjm/UZBZIJKVcGop/3gCHXYnKH+OY5zc8cmt9Jg4CIwEqrSKeOX0bE8LSPRpVRXH4v8OcMaMei/HQejlH8NBwybEdJ4mhl8vHaFEjDbIWoOujmiRQF2263 angle@puddle\n",
            "startup": "",
            "storage": null,
            "storage_type": null,
            "tablet": true,
            "tags": "",
            "target_node": "pve0",
            "timeouts": null,
            "unused_disk": [],
            "usb": [],
            "vcpus": 1,
            "vga": [],
            "vlan": -1,
            "vmid": null
          },
          "sensitive_attributes": [],
          "private": "eyJlMmJmYjczMC1lY2FhLTExZTYtOGY4OC0zNDM2M2JjN2M0YzAiOnsiY3JlYXRlIjoxMjAwMDAwMDAwMDAwLCJkZWZhdWx0IjoxMjAwMDAwMDAwMDAwLCJkZWxldGUiOjEyMDAwMDAwMDAwMDAsInJlYWQiOjEyMDAwMDAwMDAwMDAsInVwZGF0ZSI6MTIwMDAwMDAwMDAwMH19"
        }
      ]
    }
  ],
  "check_results": null
}
