{
  "version": 4,
  "terraform_version": "1.5.3",
  "serial": 7,
  "lineage": "073833c5-240d-c952-7115-491ed8307b7b",
  "outputs": {},
  "resources": [
    {
      "mode": "managed",
      "type": "local_file",
      "name": "hosts_cfg_k3s",
      "provider": "provider[\"registry.terraform.io/hashicorp/local\"]",
      "instances": [
        {
          "schema_version": 0,
          "attributes": {
            "content": "[master]\n\n[node]\n\n[k3s_cluster:children]\nmaster\nnode\n\n[k3s_cluster:vars]\nansible_private_key_file=/home/angle/.ssh/id_rsa\nansible_python_interpreter='/usr/bin/env python3'\nansible_user=debian\n",
            "content_base64": null,
            "content_base64sha256": "zQcWQ59TOJRmSiaNRmv9hvozEqw38rULJsw1Yz0s0Ik=",
            "content_base64sha512": "6767ouyTVOBcg9KPJi4vexA2bRg3h6OCuQL3qnLlKDDPkgFeTiVgAgd4KU+Seu/qDO4qKaMBGQJLU5Nrhs/VVw==",
            "content_md5": "1a2e76fb3a05b1a83b0476e7e5afee67",
            "content_sha1": "2478a70f8ab4f13945528898692e37d6b26a5251",
            "content_sha256": "cd0716439f533894664a268d466bfd86fa3312ac37f2b50b26cc35633d2cd089",
            "content_sha512": "ebbebba2ec9354e05c83d28f262e2f7b10366d183787a382b902f7aa72e52830cf92015e4e2560020778294f927aefea0cee2a29a30119024b53936b86cfd557",
            "directory_permission": "0777",
            "file_permission": "0644",
            "filename": "inventory/k3s-inventory.ini",
            "id": "2478a70f8ab4f13945528898692e37d6b26a5251",
            "sensitive_content": null,
            "source": null
          },
          "sensitive_attributes": [],
          "dependencies": [
            "proxmox_vm_qemu.proxmox_vm_k3s_ha_master",
            "proxmox_vm_qemu.proxmox_vm_k3s_ha_workers"
          ]
        }
      ]
    },
    {
      "mode": "managed",
      "type": "proxmox_vm_qemu",
      "name": "proxmox_vm_pihole",
      "provider": "provider[\"registry.terraform.io/telmate/proxmox\"].pve0",
      "instances": [
        {
          "index_key": 0,
          "schema_version": 0,
          "attributes": {
            "additional_wait": 5,
            "agent": 1,
            "args": "",
            "automatic_reboot": true,
            "balloon": 0,
            "bios": "seabios",
            "boot": "c",
            "bootdisk": "virtio0",
            "bridge": null,
            "ci_wait": null,
            "cicustom": "",
            "cipassword": "",
            "ciuser": "",
            "clone": "debian-11-template",
            "clone_wait": 10,
            "cloudinit_cdrom_storage": null,
            "cores": 1,
            "cpu": "host",
            "default_ipv4_address": "10.0.50.2",
            "define_connection_info": true,
            "desc": "pihole! in a VM!! number 1 of its kind",
            "disk": [
              {
                "aio": "",
                "backup": true,
                "cache": "none",
                "discard": "",
                "file": "vm-100-disk-0",
                "format": "raw",
                "iops": 0,
                "iops_max": 0,
                "iops_max_length": 0,
                "iops_rd": 0,
                "iops_rd_max": 0,
                "iops_rd_max_length": 0,
                "iops_wr": 0,
                "iops_wr_max": 0,
                "iops_wr_max_length": 0,
                "iothread": 0,
                "mbps": 0,
                "mbps_rd": 0,
                "mbps_rd_max": 0,
                "mbps_wr": 0,
                "mbps_wr_max": 0,
                "media": "",
                "replicate": 0,
                "size": "30G",
                "slot": 0,
                "ssd": 0,
                "storage": "local-lvm",
                "storage_type": "lvmthin",
                "type": "virtio",
                "volume": "local-lvm:vm-100-disk-0"
              }
            ],
            "disk_gb": null,
            "force_create": false,
            "force_recreate_on_change_of": null,
            "full_clone": true,
            "guest_agent_ready_timeout": 100,
            "hagroup": "",
            "hastate": "",
            "hostpci": [],
            "hotplug": "network,disk,usb",
            "id": "pve0/qemu/100",
            "ipconfig0": "ip=10.0.50.2/24,gw=10.0.50.254",
            "ipconfig1": "",
            "ipconfig10": "",
            "ipconfig11": "",
            "ipconfig12": "",
            "ipconfig13": "",
            "ipconfig14": "",
            "ipconfig15": "",
            "ipconfig2": "",
            "ipconfig3": "",
            "ipconfig4": "",
            "ipconfig5": "",
            "ipconfig6": "",
            "ipconfig7": "",
            "ipconfig8": "",
            "ipconfig9": "",
            "iso": null,
            "kvm": true,
            "mac": null,
            "machine": "",
            "memory": 1536,
            "name": "pihole-1",
            "nameserver": "",
            "network": [
              {
                "bridge": "vmbr0",
                "firewall": false,
                "link_down": false,
                "macaddr": "42:3F:B0:50:45:1E",
                "model": "virtio",
                "mtu": 0,
                "queues": 0,
                "rate": 0,
                "tag": -1
              }
            ],
            "nic": null,
            "numa": false,
            "onboot": true,
            "oncreate": true,
            "os_network_config": null,
            "os_type": "cloud-init",
            "pool": "",
            "preprovision": true,
            "pxe": null,
            "qemu_os": "l26",
            "reboot_required": false,
            "scsihw": "virtio-scsi-pci",
            "searchdomain": "",
            "serial": [],
            "sockets": 1,
            "ssh_forward_ip": null,
            "ssh_host": "10.0.50.2",
            "ssh_port": "22",
            "ssh_private_key": null,
            "ssh_user": null,
            "sshkeys": "ssh-rsa AAAAB3NzaC1yc2EAAAADAQABAAABAQC5jzKi37jm3517bqThbw+7LR/GXm3qC6Az5F+ZUa36vYM7Ygk2K5bWcFIL2YUCrkL5jfSsvoowONjCAxyuoyxtW4MJxnQLyq4u4yDsRC7YvBPAKZUYaHwnbkCfDs5a75dEFOoDxCA0DY2GrhqzBndaTcCfl0fZ4vN+9LcKOb1dSKiHeHvsh35YNtwntbL21meo+hiycUEgGwNe9/4kxKpdGTr7HvbeX2Fjm/UZBZIJKVcGop/3gCHXYnKH+OY5zc8cmt9Jg4CIwEqrSKeOX0bE8LSPRpVRXH4v8OcMaMei/HQejlH8NBwybEdJ4mhl8vHaFEjDbIWoOujmiRQF2263 angle@puddle\n\n",
            "startup": "",
            "storage": null,
            "storage_type": null,
            "tablet": true,
            "tags": "",
            "target_node": "pve0",
            "timeouts": null,
            "unused_disk": [],
            "usb": [],
            "vcpus": 1,
            "vga": [],
            "vlan": -1,
            "vmid": null
          },
          "sensitive_attributes": [],
          "private": "eyJlMmJmYjczMC1lY2FhLTExZTYtOGY4OC0zNDM2M2JjN2M0YzAiOnsiY3JlYXRlIjoxMjAwMDAwMDAwMDAwLCJkZWZhdWx0IjoxMjAwMDAwMDAwMDAwLCJkZWxldGUiOjEyMDAwMDAwMDAwMDAsInJlYWQiOjEyMDAwMDAwMDAwMDAsInVwZGF0ZSI6MTIwMDAwMDAwMDAwMH19"
        }
      ]
    },
    {
      "mode": "managed",
      "type": "proxmox_vm_qemu",
      "name": "proxmox_vm_postgres",
      "provider": "provider[\"registry.terraform.io/telmate/proxmox\"].pve0",
      "instances": [
        {
          "index_key": 0,
          "schema_version": 0,
          "attributes": {
            "additional_wait": 5,
            "agent": 1,
            "args": "",
            "automatic_reboot": true,
            "balloon": 0,
            "bios": "seabios",
            "boot": "c",
            "bootdisk": "virtio0",
            "bridge": null,
            "ci_wait": null,
            "cicustom": "",
            "cipassword": "",
            "ciuser": "",
            "clone": "debian-11-template",
            "clone_wait": 10,
            "cloudinit_cdrom_storage": null,
            "cores": 2,
            "cpu": "host",
            "default_ipv4_address": "10.0.50.20",
            "define_connection_info": true,
            "desc": "postgres instance index 0",
            "disk": [
              {
                "aio": "",
                "backup": true,
                "cache": "none",
                "discard": "",
                "file": "vm-101-disk-0",
                "format": "raw",
                "iops": 0,
                "iops_max": 0,
                "iops_max_length": 0,
                "iops_rd": 0,
                "iops_rd_max": 0,
                "iops_rd_max_length": 0,
                "iops_wr": 0,
                "iops_wr_max": 0,
                "iops_wr_max_length": 0,
                "iothread": 0,
                "mbps": 0,
                "mbps_rd": 0,
                "mbps_rd_max": 0,
                "mbps_wr": 0,
                "mbps_wr_max": 0,
                "media": "",
                "replicate": 0,
                "size": "90G",
                "slot": 0,
                "ssd": 0,
                "storage": "local-lvm",
                "storage_type": "lvmthin",
                "type": "virtio",
                "volume": "local-lvm:vm-101-disk-0"
              }
            ],
            "disk_gb": null,
            "force_create": false,
            "force_recreate_on_change_of": null,
            "full_clone": true,
            "guest_agent_ready_timeout": 100,
            "hagroup": "",
            "hastate": "",
            "hostpci": [],
            "hotplug": "network,disk,usb",
            "id": "pve0/qemu/101",
            "ipconfig0": "ip=10.0.50.20/24,gw=10.0.50.254",
            "ipconfig1": "",
            "ipconfig10": "",
            "ipconfig11": "",
            "ipconfig12": "",
            "ipconfig13": "",
            "ipconfig14": "",
            "ipconfig15": "",
            "ipconfig2": "",
            "ipconfig3": "",
            "ipconfig4": "",
            "ipconfig5": "",
            "ipconfig6": "",
            "ipconfig7": "",
            "ipconfig8": "",
            "ipconfig9": "",
            "iso": null,
            "kvm": true,
            "mac": null,
            "machine": "",
            "memory": 2560,
            "name": "postgres-0",
            "nameserver": "",
            "network": [
              {
                "bridge": "vmbr0",
                "firewall": false,
                "link_down": false,
                "macaddr": "96:02:E8:18:DB:2A",
                "model": "virtio",
                "mtu": 0,
                "queues": 0,
                "rate": 0,
                "tag": -1
              }
            ],
            "nic": null,
            "numa": false,
            "onboot": true,
            "oncreate": true,
            "os_network_config": null,
            "os_type": "cloud-init",
            "pool": "",
            "preprovision": true,
            "pxe": null,
            "qemu_os": "l26",
            "reboot_required": false,
            "scsihw": "virtio-scsi-pci",
            "searchdomain": "",
            "serial": [],
            "sockets": 1,
            "ssh_forward_ip": null,
            "ssh_host": "10.0.50.20",
            "ssh_port": "22",
            "ssh_private_key": null,
            "ssh_user": null,
            "sshkeys": "ssh-rsa AAAAB3NzaC1yc2EAAAADAQABAAABAQC5jzKi37jm3517bqThbw+7LR/GXm3qC6Az5F+ZUa36vYM7Ygk2K5bWcFIL2YUCrkL5jfSsvoowONjCAxyuoyxtW4MJxnQLyq4u4yDsRC7YvBPAKZUYaHwnbkCfDs5a75dEFOoDxCA0DY2GrhqzBndaTcCfl0fZ4vN+9LcKOb1dSKiHeHvsh35YNtwntbL21meo+hiycUEgGwNe9/4kxKpdGTr7HvbeX2Fjm/UZBZIJKVcGop/3gCHXYnKH+OY5zc8cmt9Jg4CIwEqrSKeOX0bE8LSPRpVRXH4v8OcMaMei/HQejlH8NBwybEdJ4mhl8vHaFEjDbIWoOujmiRQF2263 angle@puddle\n",
            "startup": "",
            "storage": null,
            "storage_type": null,
            "tablet": true,
            "tags": "",
            "target_node": "pve0",
            "timeouts": null,
            "unused_disk": [],
            "usb": [],
            "vcpus": 1,
            "vga": [],
            "vlan": -1,
            "vmid": null
          },
          "sensitive_attributes": [],
          "private": "eyJlMmJmYjczMC1lY2FhLTExZTYtOGY4OC0zNDM2M2JjN2M0YzAiOnsiY3JlYXRlIjoxMjAwMDAwMDAwMDAwLCJkZWZhdWx0IjoxMjAwMDAwMDAwMDAwLCJkZWxldGUiOjEyMDAwMDAwMDAwMDAsInJlYWQiOjEyMDAwMDAwMDAwMDAsInVwZGF0ZSI6MTIwMDAwMDAwMDAwMH19"
        }
      ]
    }
  ],
  "check_results": null
}
